
Microsoft Visual Studio Solution File, Format Version 12.00
# Visual Studio Version 17
VisualStudioVersion = 17.6.33829.357
MinimumVisualStudioVersion = 10.0.40219.1
Project("{FAE04EC0-301F-11D3-BF4B-00C04F79EFBC}") = "Operators", "Operators\Operators.csproj", "{13728DB5-07D3-4663-ABC1-335984A5E72F}"
EndProject
Global
	GlobalSection(SolutionConfigurationPlatforms) = preSolution
		Debug|Any CPU = Debug|Any CPU
		Release|Any CPU = Release|Any CPU
	EndGlobalSection
	GlobalSection(ProjectConfigurationPlatforms) = postSolution
		{13728DB5-07D3-4663-ABC1-335984A5E72F}.Debug|Any CPU.ActiveCfg = Debug|Any CPU
		{13728DB5-07D3-4663-ABC1-335984A5E72F}.Debug|Any CPU.Build.0 = Debug|Any CPU
		{13728DB5-07D3-4663-ABC1-335984A5E72F}.Release|Any CPU.ActiveCfg = Release|Any CPU
		{13728DB5-07D3-4663-ABC1-335984A5E72F}.Release|Any CPU.Build.0 = Release|Any CPU
	EndGlobalSection
	GlobalSection(SolutionProperties) = preSolution
		HideSolutionNode = FALSE
	EndGlobalSection
	GlobalSection(ExtensibilityGlobals) = postSolution
		SolutionGuid = {DF4D8614-C263-486D-B8BA-3E341347B44F}
	EndGlobalSection
EndGlobal
